{
  "version": 4,
  "terraform_version": "1.8.5",
  "serial": 5,
  "lineage": "f2042b9d-ecfa-0053-a098-17bf70587c42",
  "outputs": {},
  "resources": [
    {
      "mode": "managed",
      "type": "aws_ecr_repository",
      "name": "subscribed_backend_prd",
      "provider": "provider[\"registry.terraform.io/hashicorp/aws\"]",
      "instances": [
        {
          "schema_version": 0,
          "attributes": {
            "arn": "arn:aws:ecr:eu-west-1:851725613775:repository/subscribed-backend-prd",
            "encryption_configuration": [
              {
                "encryption_type": "AES256",
                "kms_key": ""
              }
            ],
            "force_delete": null,
            "id": "subscribed-backend-prd",
            "image_scanning_configuration": [
              {
                "scan_on_push": true
              }
            ],
            "image_tag_mutability": "IMMUTABLE",
            "name": "subscribed-backend-prd",
            "registry_id": "851725613775",
            "repository_url": "851725613775.dkr.ecr.eu-west-1.amazonaws.com/subscribed-backend-prd",
            "tags": {
              "managed_by": "terraform",
              "service_name": "subscribed-backend"
            },
            "tags_all": {
              "managed_by": "terraform",
              "service_name": "subscribed-backend"
            },
            "timeouts": null
          },
          "sensitive_attributes": [],
          "private": "eyJlMmJmYjczMC1lY2FhLTExZTYtOGY4OC0zNDM2M2JjN2M0YzAiOnsiZGVsZXRlIjoxMjAwMDAwMDAwMDAwfX0="
        }
      ]
    }
  ],
  "check_results": null
}
